Microsoft Visual Studio Solution File, Format Version 12.00
# Visual Studio Version 17
VisualStudioVersion = 17.5.2.0
MinimumVisualStudioVersion = 10.0.40219.1
Project("{2150E333-8FDC-42A3-9474-1A3956D46DE8}") = "backend", "backend", "{1AE8ACA6-933B-BF2A-3671-3E2EAC007D16}"
EndProject
Project("{FAE04EC0-301F-11D3-BF4B-00C04F79EFBC}") = "IntencionPagoApi", "backend\IntencionPagoApi\IntencionPagoApi.csproj", "{B1CE4366-1945-8408-E4D6-08BAB89E87E6}"
EndProject
Global
	GlobalSection(SolutionConfigurationPlatforms) = preSolution
		Debug|Any CPU = Debug|Any CPU
		Release|Any CPU = Release|Any CPU
	EndGlobalSection
	GlobalSection(ProjectConfigurationPlatforms) = postSolution
		{B1CE4366-1945-8408-E4D6-08BAB89E87E6}.Debug|Any CPU.ActiveCfg = Debug|Any CPU
		{B1CE4366-1945-8408-E4D6-08BAB89E87E6}.Debug|Any CPU.Build.0 = Debug|Any CPU
		{B1CE4366-1945-8408-E4D6-08BAB89E87E6}.Release|Any CPU.ActiveCfg = Release|Any CPU
		{B1CE4366-1945-8408-E4D6-08BAB89E87E6}.Release|Any CPU.Build.0 = Release|Any CPU
	EndGlobalSection
	GlobalSection(SolutionProperties) = preSolution
		HideSolutionNode = FALSE
	EndGlobalSection
	GlobalSection(NestedProjects) = preSolution
		{B1CE4366-1945-8408-E4D6-08BAB89E87E6} = {1AE8ACA6-933B-BF2A-3671-3E2EAC007D16}
	EndGlobalSection
	GlobalSection(ExtensibilityGlobals) = postSolution
		SolutionGuid = {DA11F9FE-DF7C-4F8C-93B0-43EB8E45B861}
	EndGlobalSection
EndGlobal
